
Microsoft Visual Studio Solution File, Format Version 12.00
# Visual Studio Version 17
VisualStudioVersion = 17.14.36221.1 d17.14
MinimumVisualStudioVersion = 10.0.40219.1
Project("{FAE04EC0-301F-11D3-BF4B-00C04F79EFBC}") = "MateMic", "MateMic.csproj", "{17D0002F-CFD0-4EC9-BC3E-85DDE3C9DAAD}"
EndProject
Project("{FAE04EC0-301F-11D3-BF4B-00C04F79EFBC}") = "MateMic.Windows", "..\MateMic.Windows\MateMic.Windows.csproj", "{6E2A9C74-3F5B-4C21-9A18-1D2E6B7C4A55}"
EndProject
Global
	GlobalSection(SolutionConfigurationPlatforms) = preSolution
		Debug|Any CPU = Debug|Any CPU
		Release|Any CPU = Release|Any CPU
	EndGlobalSection
	GlobalSection(ProjectConfigurationPlatforms) = postSolution
		{17D0002F-CFD0-4EC9-BC3E-85DDE3C9DAAD}.Debug|Any CPU.ActiveCfg = Debug|Any CPU
		{17D0002F-CFD0-4EC9-BC3E-85DDE3C9DAAD}.Debug|Any CPU.Build.0 = Debug|Any CPU
		{17D0002F-CFD0-4EC9-BC3E-85DDE3C9DAAD}.Release|Any CPU.ActiveCfg = Release|Any CPU
		{17D0002F-CFD0-4EC9-BC3E-85DDE3C9DAAD}.Release|Any CPU.Build.0 = Release|Any CPU
		{6E2A9C74-3F5B-4C21-9A18-1D2E6B7C4A55}.Debug|Any CPU.ActiveCfg = Debug|Any CPU
		{6E2A9C74-3F5B-4C21-9A18-1D2E6B7C4A55}.Debug|Any CPU.Build.0 = Debug|Any CPU
		{6E2A9C74-3F5B-4C21-9A18-1D2E6B7C4A55}.Release|Any CPU.ActiveCfg = Release|Any CPU
		{6E2A9C74-3F5B-4C21-9A18-1D2E6B7C4A55}.Release|Any CPU.Build.0 = Release|Any CPU
	EndGlobalSection
	GlobalSection(SolutionProperties) = preSolution
		HideSolutionNode = FALSE
	EndGlobalSection
	GlobalSection(ExtensibilityGlobals) = postSolution
		SolutionGuid = {2DF566B2-7D45-4F2C-A583-947DED63E2D6}
	EndGlobalSection
EndGlobal
